{
  "name": "react-formgen",
  "version": "1.0.0",
  "lockfileVersion": 1,
  "requires": true,
  "dependencies": {
    "@babel/runtime": {
      "version": "7.8.3",
      "resolved": "https://r.cnpmjs.org/@babel/runtime/download/@babel/runtime-7.8.3.tgz",
      "integrity": "sha1-CBGUT3OmySa7KtNekY3MG/qyefE=",
      "requires": {
        "regenerator-runtime": "^0.13.2"
      }
    },
    "@babel/runtime-corejs2": {
      "version": "7.8.3",
      "resolved": "https://r.cnpmjs.org/@babel/runtime-corejs2/download/@babel/runtime-corejs2-7.8.3.tgz",
      "integrity": "sha1-tiph4MQakNLZEYH9pt4hzs06lzQ=",
      "requires": {
        "core-js": "^2.6.5",
        "regenerator-runtime": "^0.13.2"
      }
    },
    "@emotion/hash": {
      "version": "0.7.4",
      "resolved": "https://r.cnpmjs.org/@emotion/hash/download/@emotion/hash-0.7.4.tgz",
      "integrity": "sha1-8UkyiHQiyQVrFajSIqkHSn36KDE="
    },
    "@material-ui/core": {
      "version": "4.8.3",
      "resolved": "https://r.cnpmjs.org/@material-ui/core/download/@material-ui/core-4.8.3.tgz",
      "integrity": "sha1-hY91iybYQX6zkxDwf7nXpyvriwM=",
      "requires": {
        "@babel/runtime": "^7.4.4",
        "@material-ui/styles": "^4.8.2",
        "@material-ui/system": "^4.7.1",
        "@material-ui/types": "^4.1.1",
        "@material-ui/utils": "^4.7.1",
        "@types/react-transition-group": "^4.2.0",
        "clsx": "^1.0.2",
        "convert-css-length": "^2.0.1",
        "hoist-non-react-statics": "^3.2.1",
        "normalize-scroll-left": "^0.2.0",
        "popper.js": "^1.14.1",
        "prop-types": "^15.7.2",
        "react-is": "^16.8.0",
        "react-transition-group": "^4.3.0"
      }
    },
    "@material-ui/icons": {
      "version": "4.5.1",
      "resolved": "https://r.cnpmjs.org/@material-ui/icons/download/@material-ui/icons-4.5.1.tgz",
      "integrity": "sha1-aWO60TnpOHAuzoXKQwZ2iAGPBPg=",
      "requires": {
        "@babel/runtime": "^7.4.4"
      }
    },
    "@material-ui/styles": {
      "version": "4.8.2",
      "resolved": "https://r.cnpmjs.org/@material-ui/styles/download/@material-ui/styles-4.8.2.tgz",
      "integrity": "sha1-hBrLxDFKzL6CpFyx/rdY1HRIyAI=",
      "requires": {
        "@babel/runtime": "^7.4.4",
        "@emotion/hash": "^0.7.4",
        "@material-ui/types": "^4.1.1",
        "@material-ui/utils": "^4.7.1",
        "clsx": "^1.0.2",
        "csstype": "^2.5.2",
        "hoist-non-react-statics": "^3.2.1",
        "jss": "^10.0.0",
        "jss-plugin-camel-case": "^10.0.0",
        "jss-plugin-default-unit": "^10.0.0",
        "jss-plugin-global": "^10.0.0",
        "jss-plugin-nested": "^10.0.0",
        "jss-plugin-props-sort": "^10.0.0",
        "jss-plugin-rule-value-function": "^10.0.0",
        "jss-plugin-vendor-prefixer": "^10.0.0",
        "prop-types": "^15.7.2"
      }
    },
    "@material-ui/system": {
      "version": "4.7.1",
      "resolved": "https://r.cnpmjs.org/@material-ui/system/download/@material-ui/system-4.7.1.tgz",
      "integrity": "sha1-2SjazA7q5r6laf8+4Hn0Ce+zUX0=",
      "requires": {
        "@babel/runtime": "^7.4.4",
        "@material-ui/utils": "^4.7.1",
        "prop-types": "^15.7.2"
      }
    },
    "@material-ui/types": {
      "version": "4.1.1",
      "resolved": "https://r.cnpmjs.org/@material-ui/types/download/@material-ui/types-4.1.1.tgz",
      "integrity": "sha1-tl4ALZJgiZcKMnEhOjrXohsX8Cs=",
      "requires": {
        "@types/react": "*"
      }
    },
    "@material-ui/utils": {
      "version": "4.7.1",
      "resolved": "https://r.cnpmjs.org/@material-ui/utils/download/@material-ui/utils-4.7.1.tgz",
      "integrity": "sha1-3BbH8NLNAvvN1c/mAf1oY648xlI=",
      "requires": {
        "@babel/runtime": "^7.4.4",
        "prop-types": "^15.7.2",
        "react-is": "^16.8.0"
      }
    },
    "@react-dnd/asap": {
      "version": "4.0.0",
      "resolved": "https://r.cnpmjs.org/@react-dnd/asap/download/@react-dnd/asap-4.0.0.tgz",
      "integrity": "sha1-swDu7YPpgB9RvWawM3yabwRUhlE="
    },
    "@react-dnd/invariant": {
      "version": "2.0.0",
      "resolved": "https://r.cnpmjs.org/@react-dnd/invariant/download/@react-dnd/invariant-2.0.0.tgz",
      "integrity": "sha1-CdLoHNOeDnZ9faYt+TJYYPJOUX4="
    },
    "@react-dnd/shallowequal": {
      "version": "2.0.0",
      "resolved": "https://r.cnpmjs.org/@react-dnd/shallowequal/download/@react-dnd/shallowequal-2.0.0.tgz",
      "integrity": "sha1-owMetUEp8sZrJ1P4QEJm7Hv2fwo="
    },
    "@rollup/plugin-json": {
      "version": "4.0.1",
      "resolved": "https://r.cnpmjs.org/@rollup/plugin-json/download/@rollup/plugin-json-4.0.1.tgz",
      "integrity": "sha1-IjiYxsN5k4htoGmJsOk87vUqo84=",
      "dev": true,
      "requires": {
        "rollup-pluginutils": "^2.5.0"
      }
    },
    "@types/classnames": {
      "version": "2.2.9",
      "resolved": "https://r.cnpmjs.org/@types/classnames/download/@types/classnames-2.2.9.tgz",
      "integrity": "sha1-2Gi2/rsCZmMwQQ/n9Y88S4JYvns=",
      "dev": true
    },
    "@types/estree": {
      "version": "0.0.42",
      "resolved": "https://r.cnpmjs.org/@types/estree/download/@types/estree-0.0.42.tgz",
      "integrity": "sha1-jQwfSAM57+2z5GBw4i3WPgQw3RE=",
      "dev": true
    },
    "@types/hoist-non-react-statics": {
      "version": "3.3.1",
      "resolved": "https://r.cnpmjs.org/@types/hoist-non-react-statics/download/@types/hoist-non-react-statics-3.3.1.tgz",
      "integrity": "sha1-ESSq/lEYy1kZd66xzqrtEHDrA58=",
      "requires": {
        "@types/react": "*",
        "hoist-non-react-statics": "^3.3.0"
      }
    },
    "@types/node": {
      "version": "13.1.6",
      "resolved": "https://r.cnpmjs.org/@types/node/download/@types/node-13.1.6.tgz",
      "integrity": "sha1-B2Ao0LBAC+gQW4mgpVVQyGaE/+w=",
      "dev": true
    },
    "@types/prop-types": {
      "version": "15.7.3",
      "resolved": "https://r.cnpmjs.org/@types/prop-types/download/@types/prop-types-15.7.3.tgz",
      "integrity": "sha1-KrDV2i5YFflLC51LldHl8kOrLKc="
    },
    "@types/react": {
      "version": "16.9.17",
      "resolved": "https://r.cnpmjs.org/@types/react/download/@types/react-16.9.17.tgz",
      "integrity": "sha1-WPDMDp7CQl0UQd17YjQhqGeqJT4=",
      "requires": {
        "@types/prop-types": "*",
        "csstype": "^2.2.0"
      }
    },
    "@types/react-beautiful-dnd": {
      "version": "11.0.4",
      "resolved": "https://r.cnpmjs.org/@types/react-beautiful-dnd/download/@types/react-beautiful-dnd-11.0.4.tgz",
      "integrity": "sha1-Jc3xaGTfj9HYL5QWyMD9lX55MCQ=",
      "dev": true,
      "requires": {
        "@types/react": "*"
      }
    },
    "@types/react-dom": {
      "version": "16.9.4",
      "resolved": "https://r.cnpmjs.org/@types/react-dom/download/@types/react-dom-16.9.4.tgz",
      "integrity": "sha1-C1jfCaYJYdy3f2LU8YMkJ1E0IN8=",
      "dev": true,
      "requires": {
        "@types/react": "*"
      }
    },
    "@types/react-transition-group": {
      "version": "4.2.3",
      "resolved": "https://r.cnpmjs.org/@types/react-transition-group/download/@types/react-transition-group-4.2.3.tgz",
      "integrity": "sha1-SSQTP3JoaUBY5BW/euotTCETFHA=",
      "requires": {
        "@types/react": "*"
      }
    },
    "@types/shortid": {
      "version": "0.0.29",
      "resolved": "https://r.cnpmjs.org/@types/shortid/download/@types/shortid-0.0.29.tgz",
      "integrity": "sha1-gJPuBBam4r8qpjOBCRFLP7/6Dps=",
      "dev": true
    },
    "acorn": {
      "version": "7.1.0",
      "resolved": "https://r.cnpmjs.org/acorn/download/acorn-7.1.0.tgz",
      "integrity": "sha1-lJ028sKSU12mAig1hsJHfFfrLWw=",
      "dev": true
    },
    "classnames": {
      "version": "2.2.6",
      "resolved": "https://r.cnpmjs.org/classnames/download/classnames-2.2.6.tgz",
      "integrity": "sha1-Q5Nb/90pHzJtrQogUwmzjQD2UM4="
    },
    "clsx": {
      "version": "1.0.4",
      "resolved": "https://r.cnpmjs.org/clsx/download/clsx-1.0.4.tgz",
      "integrity": "sha1-DAFx9tXLL+g4SEY8FfzCa034wuw="
    },
    "commondir": {
      "version": "1.0.1",
      "resolved": "https://r.cnpmjs.org/commondir/download/commondir-1.0.1.tgz",
      "integrity": "sha1-3dgA2gxmEnOTzKWVDqloo6rxJTs=",
      "dev": true
    },
    "convert-css-length": {
      "version": "2.0.1",
      "resolved": "https://r.cnpmjs.org/convert-css-length/download/convert-css-length-2.0.1.tgz",
      "integrity": "sha1-kKdr3lv9JNcogaW0XQIkmywdJXw="
    },
    "core-js": {
      "version": "2.6.11",
      "resolved": "https://r.cnpmjs.org/core-js/download/core-js-2.6.11.tgz",
      "integrity": "sha1-OIMUafmSK97Y7iHJ3EaYXgOZMIw="
    },
    "css-box-model": {
      "version": "1.2.0",
      "resolved": "https://r.cnpmjs.org/css-box-model/download/css-box-model-1.2.0.tgz",
      "integrity": "sha1-OiY3e0FisyANLt5LBk7FtqdRhtA=",
      "requires": {
        "tiny-invariant": "^1.0.6"
      }
    },
    "css-vendor": {
      "version": "2.0.7",
      "resolved": "https://r.cnpmjs.org/css-vendor/download/css-vendor-2.0.7.tgz",
      "integrity": "sha1-Tm1T2VPBh5gVdtalQqzJ+1cXS9o=",
      "requires": {
        "@babel/runtime": "^7.6.2",
        "is-in-browser": "^1.0.2"
      }
    },
    "csstype": {
      "version": "2.6.8",
      "resolved": "https://r.cnpmjs.org/csstype/download/csstype-2.6.8.tgz",
      "integrity": "sha1-D7b8JBf/0oFqQYyTNtp01/B9tDE="
    },
    "dnd-core": {
      "version": "10.0.2",
      "resolved": "https://r.cnpmjs.org/dnd-core/download/dnd-core-10.0.2.tgz",
      "integrity": "sha1-BR3BGWguoRhWIvlUZnZw09X2pXQ=",
      "requires": {
        "@react-dnd/asap": "^4.0.0",
        "@react-dnd/invariant": "^2.0.0",
        "redux": "^4.0.4"
      }
    },
    "dom-helpers": {
      "version": "5.1.3",
      "resolved": "https://r.cnpmjs.org/dom-helpers/download/dom-helpers-5.1.3.tgz",
      "integrity": "sha1-cjMkjrOi0fdKr8ox5SxSmcyM6CE=",
      "requires": {
        "@babel/runtime": "^7.6.3",
        "csstype": "^2.6.7"
      }
    },
    "estree-walker": {
      "version": "0.6.1",
      "resolved": "https://r.cnpmjs.org/estree-walker/download/estree-walker-0.6.1.tgz",
      "integrity": "sha1-UwSRQ/QMbrkYsjZx0f4yGfOhs2I=",
      "dev": true
    },
    "find-cache-dir": {
      "version": "3.2.0",
      "resolved": "https://r.cnpmjs.org/find-cache-dir/download/find-cache-dir-3.2.0.tgz",
      "integrity": "sha1-5/5EwavBKZ9RYUblYxCP0QBsGHQ=",
      "dev": true,
      "requires": {
        "commondir": "^1.0.1",
        "make-dir": "^3.0.0",
        "pkg-dir": "^4.1.0"
      }
    },
    "find-up": {
      "version": "4.1.0",
      "resolved": "https://r.cnpmjs.org/find-up/download/find-up-4.1.0.tgz",
      "integrity": "sha1-l6/n1s3AvFkoWEt8jXsW6KmqXRk=",
      "dev": true,
      "requires": {
        "locate-path": "^5.0.0",
        "path-exists": "^4.0.0"
      }
    },
    "fs-extra": {
      "version": "8.1.0",
      "resolved": "https://r.cnpmjs.org/fs-extra/download/fs-extra-8.1.0.tgz",
      "integrity": "sha1-SdQ8RaiM2Wd2aMt74bRu/bjS4cA=",
      "dev": true,
      "requires": {
        "graceful-fs": "^4.2.0",
        "jsonfile": "^4.0.0",
        "universalify": "^0.1.0"
      }
    },
    "graceful-fs": {
      "version": "4.2.3",
      "resolved": "https://r.cnpmjs.org/graceful-fs/download/graceful-fs-4.2.3.tgz",
      "integrity": "sha1-ShL/G2A3bvCYYsIJPt2Qgyi+hCM=",
      "dev": true
    },
    "hoist-non-react-statics": {
      "version": "3.3.1",
      "resolved": "https://r.cnpmjs.org/hoist-non-react-statics/download/hoist-non-react-statics-3.3.1.tgz",
      "integrity": "sha1-EBaF06/zsj6iExY/bo4S9PER4Z8=",
      "requires": {
        "react-is": "^16.7.0"
      }
    },
    "hyphenate-style-name": {
      "version": "1.0.3",
      "resolved": "https://r.cnpmjs.org/hyphenate-style-name/download/hyphenate-style-name-1.0.3.tgz",
      "integrity": "sha1-CXu3+guPGpzwvVxzTPlYmZgam0g="
    },
    "invariant": {
      "version": "2.2.4",
      "resolved": "https://r.cnpmjs.org/invariant/download/invariant-2.2.4.tgz",
      "integrity": "sha1-YQ88ksk1nOHbYW5TgAjSP/NRWOY=",
      "requires": {
        "loose-envify": "^1.0.0"
      }
    },
    "is-in-browser": {
      "version": "1.1.3",
      "resolved": "https://r.cnpmjs.org/is-in-browser/download/is-in-browser-1.1.3.tgz",
      "integrity": "sha1-Vv9NtoOgeMYILrldrX3GLh0E+DU="
    },
    "js-tokens": {
      "version": "4.0.0",
      "resolved": "https://r.cnpmjs.org/js-tokens/download/js-tokens-4.0.0.tgz",
      "integrity": "sha1-GSA/tZmR35jjoocFDUZHzerzJJk="
    },
    "jsonfile": {
      "version": "4.0.0",
      "resolved": "https://r.cnpmjs.org/jsonfile/download/jsonfile-4.0.0.tgz",
      "integrity": "sha1-h3Gq4HmbZAdrdmQPygWPnBDjPss=",
      "dev": true,
      "requires": {
        "graceful-fs": "^4.1.6"
      }
    },
    "jss": {
      "version": "10.0.3",
      "resolved": "https://r.cnpmjs.org/jss/download/jss-10.0.3.tgz",
      "integrity": "sha1-XBYPlqqM6Ln4Ue4LM1BdzTf0kKQ=",
      "requires": {
        "@babel/runtime": "^7.3.1",
        "csstype": "^2.6.5",
        "is-in-browser": "^1.1.3",
        "tiny-warning": "^1.0.2"
      }
    },
    "jss-plugin-camel-case": {
      "version": "10.0.3",
      "resolved": "https://r.cnpmjs.org/jss-plugin-camel-case/download/jss-plugin-camel-case-10.0.3.tgz",
      "integrity": "sha1-ziXzzbfyuAckVYNhNR/mtkTKnk8=",
      "requires": {
        "@babel/runtime": "^7.3.1",
        "hyphenate-style-name": "^1.0.3",
        "jss": "^10.0.3"
      }
    },
    "jss-plugin-default-unit": {
      "version": "10.0.3",
      "resolved": "https://r.cnpmjs.org/jss-plugin-default-unit/download/jss-plugin-default-unit-10.0.3.tgz",
      "integrity": "sha1-xLl7exjGz56YCeBbhSUEXezCmNM=",
      "requires": {
        "@babel/runtime": "^7.3.1",
        "jss": "^10.0.3"
      }
    },
    "jss-plugin-global": {
      "version": "10.0.3",
      "resolved": "https://r.cnpmjs.org/jss-plugin-global/download/jss-plugin-global-10.0.3.tgz",
      "integrity": "sha1-gryVqn8scXGtw+pH7HcXrKdqI4k=",
      "requires": {
        "@babel/runtime": "^7.3.1",
        "jss": "^10.0.3"
      }
    },
    "jss-plugin-nested": {
      "version": "10.0.3",
      "resolved": "https://r.cnpmjs.org/jss-plugin-nested/download/jss-plugin-nested-10.0.3.tgz",
      "integrity": "sha1-H/OTgxVKcQAIeI28n3Pm3sd7KFI=",
      "requires": {
        "@babel/runtime": "^7.3.1",
        "jss": "^10.0.3",
        "tiny-warning": "^1.0.2"
      }
    },
    "jss-plugin-props-sort": {
      "version": "10.0.3",
      "resolved": "https://r.cnpmjs.org/jss-plugin-props-sort/download/jss-plugin-props-sort-10.0.3.tgz",
      "integrity": "sha1-i8nypnD71gPxEEhtKMUm6578vcQ=",
      "requires": {
        "@babel/runtime": "^7.3.1",
        "jss": "^10.0.3"
      }
    },
    "jss-plugin-rule-value-function": {
      "version": "10.0.3",
      "resolved": "https://r.cnpmjs.org/jss-plugin-rule-value-function/download/jss-plugin-rule-value-function-10.0.3.tgz",
      "integrity": "sha1-EQMkDPaGveW67hbNexWw2vedEQM=",
      "requires": {
        "@babel/runtime": "^7.3.1",
        "jss": "^10.0.3"
      }
    },
    "jss-plugin-vendor-prefixer": {
      "version": "10.0.3",
      "resolved": "https://r.cnpmjs.org/jss-plugin-vendor-prefixer/download/jss-plugin-vendor-prefixer-10.0.3.tgz",
      "integrity": "sha1-z98qwSY+GQ7poNh0zcxgkt9FIBI=",
      "requires": {
        "@babel/runtime": "^7.3.1",
        "css-vendor": "^2.0.7",
        "jss": "^10.0.3"
      }
    },
    "locate-path": {
      "version": "5.0.0",
      "resolved": "https://r.cnpmjs.org/locate-path/download/locate-path-5.0.0.tgz",
      "integrity": "sha1-Gvujlq/WdqbUJQTQpno6frn2KqA=",
      "dev": true,
      "requires": {
        "p-locate": "^4.1.0"
      }
    },
    "loose-envify": {
      "version": "1.4.0",
      "resolved": "https://r.cnpmjs.org/loose-envify/download/loose-envify-1.4.0.tgz",
      "integrity": "sha1-ce5R+nvkyuwaY4OffmgtgTLTDK8=",
      "requires": {
        "js-tokens": "^3.0.0 || ^4.0.0"
      }
    },
    "make-dir": {
      "version": "3.0.0",
      "resolved": "https://r.cnpmjs.org/make-dir/download/make-dir-3.0.0.tgz",
      "integrity": "sha1-G1859rknDtM/nwVMXA+EMEmJ+AE=",
      "dev": true,
      "requires": {
        "semver": "^6.0.0"
      }
    },
    "memoize-one": {
      "version": "5.1.1",
      "resolved": "https://r.cnpmjs.org/memoize-one/download/memoize-one-5.1.1.tgz",
      "integrity": "sha1-BHtuMZm1COrsA1BN5xIpuOsddcA="
    },
    "nanoid": {
      "version": "2.1.9",
      "resolved": "https://r.cnpmjs.org/nanoid/download/nanoid-2.1.9.tgz",
      "integrity": "sha1-7ccd57Fvw2e7tEfHpjjM6+B6F6E="
    },
    "normalize-scroll-left": {
      "version": "0.2.0",
      "resolved": "https://r.cnpmjs.org/normalize-scroll-left/download/normalize-scroll-left-0.2.0.tgz",
      "integrity": "sha1-lEXXQnXzA8xmHhEzKa76SS9YEUw="
    },
    "object-assign": {
      "version": "4.1.1",
      "resolved": "https://r.cnpmjs.org/object-assign/download/object-assign-4.1.1.tgz",
      "integrity": "sha1-IQmtx5ZYh8/AXLvUQsrIv7s2CGM="
    },
    "p-limit": {
      "version": "2.2.2",
      "resolved": "https://r.cnpmjs.org/p-limit/download/p-limit-2.2.2.tgz",
      "integrity": "sha1-YSebZ3IfUoeqHBOpp/u8SMkpGx4=",
      "dev": true,
      "requires": {
        "p-try": "^2.0.0"
      }
    },
    "p-locate": {
      "version": "4.1.0",
      "resolved": "https://r.cnpmjs.org/p-locate/download/p-locate-4.1.0.tgz",
      "integrity": "sha1-o0KLtwiLOmApL2aRkni3wpetTwc=",
      "dev": true,
      "requires": {
        "p-limit": "^2.2.0"
      }
    },
    "p-try": {
      "version": "2.2.0",
      "resolved": "https://r.cnpmjs.org/p-try/download/p-try-2.2.0.tgz",
      "integrity": "sha1-yyhoVA4xPWHeWPr741zpAE1VQOY=",
      "dev": true
    },
    "path-exists": {
      "version": "4.0.0",
      "resolved": "https://r.cnpmjs.org/path-exists/download/path-exists-4.0.0.tgz",
      "integrity": "sha1-UTvb4tO5XXdi6METfvoZXGxhtbM=",
      "dev": true
    },
    "path-parse": {
      "version": "1.0.6",
      "resolved": "https://r.cnpmjs.org/path-parse/download/path-parse-1.0.6.tgz",
      "integrity": "sha1-1i27VnlAXXLEc37FhgDp3c8G0kw=",
      "dev": true
    },
    "pkg-dir": {
      "version": "4.2.0",
      "resolved": "https://r.cnpmjs.org/pkg-dir/download/pkg-dir-4.2.0.tgz",
      "integrity": "sha1-8JkTPfft5CLoHR2ESCcO6z5CYfM=",
      "dev": true,
      "requires": {
        "find-up": "^4.0.0"
      }
    },
    "popper.js": {
      "version": "1.16.0",
      "resolved": "https://r.cnpmjs.org/popper.js/download/popper.js-1.16.0.tgz",
      "integrity": "sha1-LhgWvLuqUY6mwuFaRm9Mucbi+7M="
    },
    "prettier": {
      "version": "1.19.1",
      "resolved": "https://r.cnpmjs.org/prettier/download/prettier-1.19.1.tgz",
      "integrity": "sha1-99f1/4qc2HKnvkyhQglZVqYHl8s=",
      "dev": true
    },
    "prop-types": {
      "version": "15.7.2",
      "resolved": "https://r.cnpmjs.org/prop-types/download/prop-types-15.7.2.tgz",
      "integrity": "sha1-UsQedbjIfnK52TYOAga5ncv/psU=",
      "requires": {
        "loose-envify": "^1.4.0",
        "object-assign": "^4.1.1",
        "react-is": "^16.8.1"
      }
    },
    "raf-schd": {
      "version": "4.0.2",
      "resolved": "https://r.cnpmjs.org/raf-schd/download/raf-schd-4.0.2.tgz",
      "integrity": "sha1-vUTHCBiPLoTIEL9V/OqSMbyu2KA="
    },
    "react-beautiful-dnd": {
      "version": "12.2.0",
      "resolved": "https://r.cnpmjs.org/react-beautiful-dnd/download/react-beautiful-dnd-12.2.0.tgz",
      "integrity": "sha1-5fYiL555NMbtTuCQJFR/njU65CM=",
      "requires": {
        "@babel/runtime-corejs2": "^7.6.3",
        "css-box-model": "^1.2.0",
        "memoize-one": "^5.1.1",
        "raf-schd": "^4.0.2",
        "react-redux": "^7.1.1",
        "redux": "^4.0.4",
        "use-memo-one": "^1.1.1"
      }
    },
    "react-dnd": {
      "version": "10.0.2",
      "resolved": "https://r.cnpmjs.org/react-dnd/download/react-dnd-10.0.2.tgz",
      "integrity": "sha1-pq2Os9nyxXMDH3zgUBLlx2egsfw=",
      "requires": {
        "@react-dnd/shallowequal": "^2.0.0",
        "@types/hoist-non-react-statics": "^3.3.1",
        "dnd-core": "^10.0.2",
        "hoist-non-react-statics": "^3.3.0"
      }
    },
    "react-dnd-html5-backend": {
      "version": "10.0.2",
      "resolved": "https://r.cnpmjs.org/react-dnd-html5-backend/download/react-dnd-html5-backend-10.0.2.tgz",
      "integrity": "sha1-FcudK5I/Q1dqE234VOKIy1lpeEw=",
      "requires": {
        "dnd-core": "^10.0.2"
      }
    },
    "react-is": {
      "version": "16.12.0",
      "resolved": "https://r.cnpmjs.org/react-is/download/react-is-16.12.0.tgz",
      "integrity": "sha1-LMD+D7p0LZf9UnxCoTvsTusGJBw="
    },
    "react-redux": {
      "version": "7.1.3",
      "resolved": "https://r.cnpmjs.org/react-redux/download/react-redux-7.1.3.tgz",
      "integrity": "sha1-cXo9e746Gy1TXJSIXOBM3Foz/Hk=",
      "requires": {
        "@babel/runtime": "^7.5.5",
        "hoist-non-react-statics": "^3.3.0",
        "invariant": "^2.2.4",
        "loose-envify": "^1.4.0",
        "prop-types": "^15.7.2",
        "react-is": "^16.9.0"
      }
    },
    "react-transition-group": {
      "version": "4.3.0",
      "resolved": "https://r.cnpmjs.org/react-transition-group/download/react-transition-group-4.3.0.tgz",
      "integrity": "sha1-/qgy44bPh5bFi2GHSjMZcE9c5oM=",
      "requires": {
        "@babel/runtime": "^7.5.5",
        "dom-helpers": "^5.0.1",
        "loose-envify": "^1.4.0",
        "prop-types": "^15.6.2"
      }
    },
    "redux": {
      "version": "4.0.5",
      "resolved": "https://r.cnpmjs.org/redux/download/redux-4.0.5.tgz",
      "integrity": "sha1-TbXeWBbheJHeioDEJCMtBvBR2T8=",
      "requires": {
        "loose-envify": "^1.4.0",
        "symbol-observable": "^1.2.0"
      }
    },
    "regenerator-runtime": {
      "version": "0.13.3",
      "resolved": "https://r.cnpmjs.org/regenerator-runtime/download/regenerator-runtime-0.13.3.tgz",
      "integrity": "sha1-fPanfY9cb2Drc8X8GVWyzrAea/U="
    },
    "resolve": {
      "version": "1.12.0",
      "resolved": "https://r.cnpmjs.org/resolve/download/resolve-1.12.0.tgz",
      "integrity": "sha1-P8ZEo1yEpIVUYJ/ybsUrZvpXffY=",
      "dev": true,
      "requires": {
        "path-parse": "^1.0.6"
      }
    },
    "rollup": {
      "version": "1.29.0",
      "resolved": "https://r.cnpmjs.org/rollup/download/rollup-1.29.0.tgz",
      "integrity": "sha1-ahp57qQ8qdPXmpDBWhzuztxyCXs=",
      "dev": true,
      "requires": {
        "@types/estree": "*",
        "@types/node": "*",
        "acorn": "^7.1.0"
      }
    },
    "rollup-plugin-typescript2": {
      "version": "0.25.3",
      "resolved": "https://r.cnpmjs.org/rollup-plugin-typescript2/download/rollup-plugin-typescript2-0.25.3.tgz",
      "integrity": "sha1-pfsvD4VIh4kzTOVAq+bHARy99A8=",
      "dev": true,
      "requires": {
        "find-cache-dir": "^3.0.0",
        "fs-extra": "8.1.0",
        "resolve": "1.12.0",
        "rollup-pluginutils": "2.8.1",
        "tslib": "1.10.0"
      }
    },
    "rollup-pluginutils": {
      "version": "2.8.1",
      "resolved": "https://r.cnpmjs.org/rollup-pluginutils/download/rollup-pluginutils-2.8.1.tgz",
      "integrity": "sha1-j6bdBpc0STjvJsLAnSSIzp4zzpc=",
      "dev": true,
      "requires": {
        "estree-walker": "^0.6.1"
      }
    },
    "semver": {
      "version": "6.3.0",
      "resolved": "https://r.cnpmjs.org/semver/download/semver-6.3.0.tgz",
      "integrity": "sha1-7gpkyK9ejO6mdoexM3YeG+y9HT0=",
      "dev": true
    },
    "shortid": {
      "version": "2.2.15",
      "resolved": "https://r.cnpmjs.org/shortid/download/shortid-2.2.15.tgz",
      "integrity": "sha1-K5AuqpOmmxESA3PNQqHx/kQ3wSI=",
      "requires": {
        "nanoid": "^2.1.0"
      }
    },
    "symbol-observable": {
      "version": "1.2.0",
      "resolved": "https://r.cnpmjs.org/symbol-observable/download/symbol-observable-1.2.0.tgz",
      "integrity": "sha1-wiaIrtTqs83C3+rLtWFmBWCgCAQ="
    },
    "tiny-invariant": {
      "version": "1.0.6",
      "resolved": "https://r.cnpmjs.org/tiny-invariant/download/tiny-invariant-1.0.6.tgz",
      "integrity": "sha1-s/mziDXjakHIQ6OwkHpaezdV3nM="
    },
    "tiny-warning": {
      "version": "1.0.3",
      "resolved": "https://r.cnpmjs.org/tiny-warning/download/tiny-warning-1.0.3.tgz",
      "integrity": "sha1-lKMNtFPfTGQ9D9VmBg1gqHXYR1Q="
    },
    "tslib": {
      "version": "1.10.0",
      "resolved": "https://r.cnpmjs.org/tslib/download/tslib-1.10.0.tgz",
      "integrity": "sha1-w8GflZc/sKYpc/sJ2Q2WHuQ+XIo=",
      "dev": true
    },
    "typescript": {
      "version": "3.7.4",
      "resolved": "https://r.cnpmjs.org/typescript/download/typescript-3.7.4.tgz",
      "integrity": "sha1-F0Ol7F/vah+p8+RwjjPIHHOHbBk=",
      "dev": true
    },
    "universalify": {
      "version": "0.1.2",
      "resolved": "https://r.cnpmjs.org/universalify/download/universalify-0.1.2.tgz",
      "integrity": "sha1-tkb2m+OULavOzJ1mOcgNwQXvqmY=",
      "dev": true
    },
    "use-memo-one": {
      "version": "1.1.1",
      "resolved": "https://r.cnpmjs.org/use-memo-one/download/use-memo-one-1.1.1.tgz",
      "integrity": "sha1-Oebwj+J+Qip9eyNLX5BWrzE70iw="
    }
  }
}
