{
  "name": "react-formgen",
  "version": "1.0.0",
  "lockfileVersion": 1,
  "requires": true,
  "dependencies": {
    "@babel/runtime": {
      "version": "7.8.3",
      "resolved": "https://r.cnpmjs.org/@babel/runtime/download/@babel/runtime-7.8.3.tgz",
      "integrity": "sha1-CBGUT3OmySa7KtNekY3MG/qyefE=",
      "requires": {
        "regenerator-runtime": "^0.13.2"
      }
    },
    "@babel/runtime-corejs2": {
      "version": "7.8.3",
      "resolved": "https://r.cnpmjs.org/@babel/runtime-corejs2/download/@babel/runtime-corejs2-7.8.3.tgz",
      "integrity": "sha1-tiph4MQakNLZEYH9pt4hzs06lzQ=",
      "requires": {
        "core-js": "^2.6.5",
        "regenerator-runtime": "^0.13.2"
      }
    },
    "@react-dnd/asap": {
      "version": "4.0.0",
      "resolved": "https://r.cnpmjs.org/@react-dnd/asap/download/@react-dnd/asap-4.0.0.tgz",
      "integrity": "sha1-swDu7YPpgB9RvWawM3yabwRUhlE="
    },
    "@react-dnd/invariant": {
      "version": "2.0.0",
      "resolved": "https://r.cnpmjs.org/@react-dnd/invariant/download/@react-dnd/invariant-2.0.0.tgz",
      "integrity": "sha1-CdLoHNOeDnZ9faYt+TJYYPJOUX4="
    },
    "@react-dnd/shallowequal": {
      "version": "2.0.0",
      "resolved": "https://r.cnpmjs.org/@react-dnd/shallowequal/download/@react-dnd/shallowequal-2.0.0.tgz",
      "integrity": "sha1-owMetUEp8sZrJ1P4QEJm7Hv2fwo="
    },
    "@rollup/plugin-json": {
      "version": "4.0.1",
      "resolved": "https://r.cnpmjs.org/@rollup/plugin-json/download/@rollup/plugin-json-4.0.1.tgz",
      "integrity": "sha1-IjiYxsN5k4htoGmJsOk87vUqo84=",
      "dev": true,
      "requires": {
        "rollup-pluginutils": "^2.5.0"
      }
    },
    "@types/classnames": {
      "version": "2.2.9",
      "resolved": "https://r.cnpmjs.org/@types/classnames/download/@types/classnames-2.2.9.tgz",
      "integrity": "sha1-2Gi2/rsCZmMwQQ/n9Y88S4JYvns=",
      "dev": true
    },
    "@types/color-name": {
      "version": "1.1.1",
      "resolved": "https://r.cnpmjs.org/@types/color-name/download/@types/color-name-1.1.1.tgz",
      "integrity": "sha1-HBJhu+qhCoBVu8XYq4S3sq/IRqA=",
      "dev": true
    },
    "@types/estree": {
      "version": "0.0.42",
      "resolved": "https://r.cnpmjs.org/@types/estree/download/@types/estree-0.0.42.tgz",
      "integrity": "sha1-jQwfSAM57+2z5GBw4i3WPgQw3RE=",
      "dev": true
    },
    "@types/hoist-non-react-statics": {
      "version": "3.3.1",
      "resolved": "https://r.cnpmjs.org/@types/hoist-non-react-statics/download/@types/hoist-non-react-statics-3.3.1.tgz",
      "integrity": "sha1-ESSq/lEYy1kZd66xzqrtEHDrA58=",
      "requires": {
        "@types/react": "*",
        "hoist-non-react-statics": "^3.3.0"
      }
    },
    "@types/node": {
      "version": "13.1.6",
      "resolved": "https://r.cnpmjs.org/@types/node/download/@types/node-13.1.6.tgz",
      "integrity": "sha1-B2Ao0LBAC+gQW4mgpVVQyGaE/+w=",
      "dev": true
    },
    "@types/prop-types": {
      "version": "15.7.3",
      "resolved": "https://r.cnpmjs.org/@types/prop-types/download/@types/prop-types-15.7.3.tgz",
      "integrity": "sha1-KrDV2i5YFflLC51LldHl8kOrLKc="
    },
    "@types/react": {
      "version": "16.9.17",
      "resolved": "https://r.cnpmjs.org/@types/react/download/@types/react-16.9.17.tgz",
      "integrity": "sha1-WPDMDp7CQl0UQd17YjQhqGeqJT4=",
      "requires": {
        "@types/prop-types": "*",
        "csstype": "^2.2.0"
      }
    },
    "@types/react-beautiful-dnd": {
      "version": "11.0.4",
      "resolved": "https://r.cnpmjs.org/@types/react-beautiful-dnd/download/@types/react-beautiful-dnd-11.0.4.tgz",
      "integrity": "sha1-Jc3xaGTfj9HYL5QWyMD9lX55MCQ=",
      "dev": true,
      "requires": {
        "@types/react": "*"
      }
    },
    "@types/react-dom": {
      "version": "16.9.4",
      "resolved": "https://r.cnpmjs.org/@types/react-dom/download/@types/react-dom-16.9.4.tgz",
      "integrity": "sha1-C1jfCaYJYdy3f2LU8YMkJ1E0IN8=",
      "dev": true,
      "requires": {
        "@types/react": "*"
      }
    },
    "@types/shortid": {
      "version": "0.0.29",
      "resolved": "https://r.cnpmjs.org/@types/shortid/download/@types/shortid-0.0.29.tgz",
      "integrity": "sha1-gJPuBBam4r8qpjOBCRFLP7/6Dps=",
      "dev": true
    },
    "acorn": {
      "version": "7.1.0",
      "resolved": "https://r.cnpmjs.org/acorn/download/acorn-7.1.0.tgz",
      "integrity": "sha1-lJ028sKSU12mAig1hsJHfFfrLWw=",
      "dev": true
    },
    "ansi-regex": {
      "version": "5.0.0",
      "resolved": "https://r.cnpmjs.org/ansi-regex/download/ansi-regex-5.0.0.tgz",
      "integrity": "sha1-OIU59VF5vzkznIGvMKZU1p+Hy3U=",
      "dev": true
    },
    "ansi-styles": {
      "version": "4.2.1",
      "resolved": "https://r.cnpmjs.org/ansi-styles/download/ansi-styles-4.2.1.tgz",
      "integrity": "sha1-kK51xCTQCNJiTFvynq0xd+v881k=",
      "dev": true,
      "requires": {
        "@types/color-name": "^1.1.1",
        "color-convert": "^2.0.1"
      }
    },
    "camelcase": {
      "version": "5.3.1",
      "resolved": "https://r.cnpmjs.org/camelcase/download/camelcase-5.3.1.tgz",
      "integrity": "sha1-48mzFWnhBoEd8kL3FXJaH0xJQyA=",
      "dev": true
    },
    "classnames": {
      "version": "2.2.6",
      "resolved": "https://r.cnpmjs.org/classnames/download/classnames-2.2.6.tgz",
      "integrity": "sha1-Q5Nb/90pHzJtrQogUwmzjQD2UM4="
    },
    "cliui": {
      "version": "6.0.0",
      "resolved": "https://r.cnpmjs.org/cliui/download/cliui-6.0.0.tgz",
      "integrity": "sha1-UR1wLAxOQcoVbX0OlgIfI+EyJbE=",
      "dev": true,
      "requires": {
        "string-width": "^4.2.0",
        "strip-ansi": "^6.0.0",
        "wrap-ansi": "^6.2.0"
      }
    },
    "color-convert": {
      "version": "2.0.1",
      "resolved": "https://r.cnpmjs.org/color-convert/download/color-convert-2.0.1.tgz",
      "integrity": "sha1-ctOmjVmMm9s68q0ehPIdiWq9TeM=",
      "dev": true,
      "requires": {
        "color-name": "~1.1.4"
      }
    },
    "color-name": {
      "version": "1.1.4",
      "resolved": "https://r.cnpmjs.org/color-name/download/color-name-1.1.4.tgz",
      "integrity": "sha1-wqCah6y95pVD3m9j+jmVyCbFNqI=",
      "dev": true
    },
    "commondir": {
      "version": "1.0.1",
      "resolved": "https://r.cnpmjs.org/commondir/download/commondir-1.0.1.tgz",
      "integrity": "sha1-3dgA2gxmEnOTzKWVDqloo6rxJTs=",
      "dev": true
    },
    "core-js": {
      "version": "2.6.11",
      "resolved": "https://r.cnpmjs.org/core-js/download/core-js-2.6.11.tgz",
      "integrity": "sha1-OIMUafmSK97Y7iHJ3EaYXgOZMIw="
    },
    "css-box-model": {
      "version": "1.2.0",
      "resolved": "https://r.cnpmjs.org/css-box-model/download/css-box-model-1.2.0.tgz",
      "integrity": "sha1-OiY3e0FisyANLt5LBk7FtqdRhtA=",
      "requires": {
        "tiny-invariant": "^1.0.6"
      }
    },
    "csstype": {
      "version": "2.6.8",
      "resolved": "https://r.cnpmjs.org/csstype/download/csstype-2.6.8.tgz",
      "integrity": "sha1-D7b8JBf/0oFqQYyTNtp01/B9tDE="
    },
    "decamelize": {
      "version": "1.2.0",
      "resolved": "https://r.cnpmjs.org/decamelize/download/decamelize-1.2.0.tgz",
      "integrity": "sha1-9lNNFRSCabIDUue+4m9QH5oZEpA=",
      "dev": true
    },
    "dnd-core": {
      "version": "10.0.2",
      "resolved": "https://r.cnpmjs.org/dnd-core/download/dnd-core-10.0.2.tgz",
      "integrity": "sha1-BR3BGWguoRhWIvlUZnZw09X2pXQ=",
      "requires": {
        "@react-dnd/asap": "^4.0.0",
        "@react-dnd/invariant": "^2.0.0",
        "redux": "^4.0.4"
      }
    },
    "emoji-regex": {
      "version": "8.0.0",
      "resolved": "https://r.cnpmjs.org/emoji-regex/download/emoji-regex-8.0.0.tgz",
      "integrity": "sha1-6Bj9ac5cz8tARZT4QpY79TFkzDc=",
      "dev": true
    },
    "escape-goat": {
      "version": "2.1.1",
      "resolved": "https://r.cnpmjs.org/escape-goat/download/escape-goat-2.1.1.tgz",
      "integrity": "sha1-Gy3HcANnbEV+x2Cy3GjttkgYhnU=",
      "dev": true
    },
    "estree-walker": {
      "version": "0.6.1",
      "resolved": "https://r.cnpmjs.org/estree-walker/download/estree-walker-0.6.1.tgz",
      "integrity": "sha1-UwSRQ/QMbrkYsjZx0f4yGfOhs2I=",
      "dev": true
    },
    "find-cache-dir": {
      "version": "3.2.0",
      "resolved": "https://r.cnpmjs.org/find-cache-dir/download/find-cache-dir-3.2.0.tgz",
      "integrity": "sha1-5/5EwavBKZ9RYUblYxCP0QBsGHQ=",
      "dev": true,
      "requires": {
        "commondir": "^1.0.1",
        "make-dir": "^3.0.0",
        "pkg-dir": "^4.1.0"
      }
    },
    "find-up": {
      "version": "4.1.0",
      "resolved": "https://r.cnpmjs.org/find-up/download/find-up-4.1.0.tgz",
      "integrity": "sha1-l6/n1s3AvFkoWEt8jXsW6KmqXRk=",
      "dev": true,
      "requires": {
        "locate-path": "^5.0.0",
        "path-exists": "^4.0.0"
      }
    },
    "fs-extra": {
      "version": "8.1.0",
      "resolved": "https://r.cnpmjs.org/fs-extra/download/fs-extra-8.1.0.tgz",
      "integrity": "sha1-SdQ8RaiM2Wd2aMt74bRu/bjS4cA=",
      "dev": true,
      "requires": {
        "graceful-fs": "^4.2.0",
        "jsonfile": "^4.0.0",
        "universalify": "^0.1.0"
      }
    },
    "get-caller-file": {
      "version": "2.0.5",
      "resolved": "https://r.cnpmjs.org/get-caller-file/download/get-caller-file-2.0.5.tgz",
      "integrity": "sha1-T5RBKoLbMvNuOwuXQfipf+sDH34=",
      "dev": true
    },
    "graceful-fs": {
      "version": "4.2.3",
      "resolved": "https://r.cnpmjs.org/graceful-fs/download/graceful-fs-4.2.3.tgz",
      "integrity": "sha1-ShL/G2A3bvCYYsIJPt2Qgyi+hCM=",
      "dev": true
    },
    "hoist-non-react-statics": {
      "version": "3.3.1",
      "resolved": "https://r.cnpmjs.org/hoist-non-react-statics/download/hoist-non-react-statics-3.3.1.tgz",
      "integrity": "sha1-EBaF06/zsj6iExY/bo4S9PER4Z8=",
      "requires": {
        "react-is": "^16.7.0"
      }
    },
    "invariant": {
      "version": "2.2.4",
      "resolved": "https://r.cnpmjs.org/invariant/download/invariant-2.2.4.tgz",
      "integrity": "sha1-YQ88ksk1nOHbYW5TgAjSP/NRWOY=",
      "requires": {
        "loose-envify": "^1.0.0"
      }
    },
    "is-fullwidth-code-point": {
      "version": "3.0.0",
      "resolved": "https://r.cnpmjs.org/is-fullwidth-code-point/download/is-fullwidth-code-point-3.0.0.tgz",
      "integrity": "sha1-8Rb4Bk/pCz94RKOJl8C3UFEmnx0=",
      "dev": true
    },
    "is-wsl": {
      "version": "1.1.0",
      "resolved": "https://r.cnpmjs.org/is-wsl/download/is-wsl-1.1.0.tgz",
      "integrity": "sha1-HxbkqiKwTRM2tmGIpmrzxgDDpm0=",
      "dev": true
    },
    "js-tokens": {
      "version": "4.0.0",
      "resolved": "https://r.cnpmjs.org/js-tokens/download/js-tokens-4.0.0.tgz",
      "integrity": "sha1-GSA/tZmR35jjoocFDUZHzerzJJk="
    },
    "jsonfile": {
      "version": "4.0.0",
      "resolved": "https://r.cnpmjs.org/jsonfile/download/jsonfile-4.0.0.tgz",
      "integrity": "sha1-h3Gq4HmbZAdrdmQPygWPnBDjPss=",
      "dev": true,
      "requires": {
        "graceful-fs": "^4.1.6"
      }
    },
    "locate-path": {
      "version": "5.0.0",
      "resolved": "https://r.cnpmjs.org/locate-path/download/locate-path-5.0.0.tgz",
      "integrity": "sha1-Gvujlq/WdqbUJQTQpno6frn2KqA=",
      "dev": true,
      "requires": {
        "p-locate": "^4.1.0"
      }
    },
    "loose-envify": {
      "version": "1.4.0",
      "resolved": "https://r.cnpmjs.org/loose-envify/download/loose-envify-1.4.0.tgz",
      "integrity": "sha1-ce5R+nvkyuwaY4OffmgtgTLTDK8=",
      "requires": {
        "js-tokens": "^3.0.0 || ^4.0.0"
      }
    },
    "make-dir": {
      "version": "3.0.0",
      "resolved": "https://r.cnpmjs.org/make-dir/download/make-dir-3.0.0.tgz",
      "integrity": "sha1-G1859rknDtM/nwVMXA+EMEmJ+AE=",
      "dev": true,
      "requires": {
        "semver": "^6.0.0"
      }
    },
    "memoize-one": {
      "version": "5.1.1",
      "resolved": "https://r.cnpmjs.org/memoize-one/download/memoize-one-5.1.1.tgz",
      "integrity": "sha1-BHtuMZm1COrsA1BN5xIpuOsddcA="
    },
    "minimist": {
      "version": "0.0.8",
      "resolved": "https://r.cnpmjs.org/minimist/download/minimist-0.0.8.tgz",
      "integrity": "sha1-hX/Kv8M5fSYluCKCYuhqp6ARsF0=",
      "dev": true
    },
    "mkdirp": {
      "version": "0.5.1",
      "resolved": "https://r.cnpmjs.org/mkdirp/download/mkdirp-0.5.1.tgz",
      "integrity": "sha1-MAV0OOrGz3+MR2fzhkjWaX11yQM=",
      "dev": true,
      "requires": {
        "minimist": "0.0.8"
      }
    },
    "nanoid": {
      "version": "2.1.9",
      "resolved": "https://r.cnpmjs.org/nanoid/download/nanoid-2.1.9.tgz",
      "integrity": "sha1-7ccd57Fvw2e7tEfHpjjM6+B6F6E="
    },
    "object-assign": {
      "version": "4.1.1",
      "resolved": "https://r.cnpmjs.org/object-assign/download/object-assign-4.1.1.tgz",
      "integrity": "sha1-IQmtx5ZYh8/AXLvUQsrIv7s2CGM="
    },
    "open": {
      "version": "6.4.0",
      "resolved": "https://r.cnpmjs.org/open/download/open-6.4.0.tgz",
      "integrity": "sha1-XBPpbQ3IlGhhZPGJZez+iJ7PyKk=",
      "dev": true,
      "requires": {
        "is-wsl": "^1.1.0"
      }
    },
    "p-limit": {
      "version": "2.2.2",
      "resolved": "https://r.cnpmjs.org/p-limit/download/p-limit-2.2.2.tgz",
      "integrity": "sha1-YSebZ3IfUoeqHBOpp/u8SMkpGx4=",
      "dev": true,
      "requires": {
        "p-try": "^2.0.0"
      }
    },
    "p-locate": {
      "version": "4.1.0",
      "resolved": "https://r.cnpmjs.org/p-locate/download/p-locate-4.1.0.tgz",
      "integrity": "sha1-o0KLtwiLOmApL2aRkni3wpetTwc=",
      "dev": true,
      "requires": {
        "p-limit": "^2.2.0"
      }
    },
    "p-try": {
      "version": "2.2.0",
      "resolved": "https://r.cnpmjs.org/p-try/download/p-try-2.2.0.tgz",
      "integrity": "sha1-yyhoVA4xPWHeWPr741zpAE1VQOY=",
      "dev": true
    },
    "path-exists": {
      "version": "4.0.0",
      "resolved": "https://r.cnpmjs.org/path-exists/download/path-exists-4.0.0.tgz",
      "integrity": "sha1-UTvb4tO5XXdi6METfvoZXGxhtbM=",
      "dev": true
    },
    "path-parse": {
      "version": "1.0.6",
      "resolved": "https://r.cnpmjs.org/path-parse/download/path-parse-1.0.6.tgz",
      "integrity": "sha1-1i27VnlAXXLEc37FhgDp3c8G0kw=",
      "dev": true
    },
    "pkg-dir": {
      "version": "4.2.0",
      "resolved": "https://r.cnpmjs.org/pkg-dir/download/pkg-dir-4.2.0.tgz",
      "integrity": "sha1-8JkTPfft5CLoHR2ESCcO6z5CYfM=",
      "dev": true,
      "requires": {
        "find-up": "^4.0.0"
      }
    },
    "prettier": {
      "version": "1.19.1",
      "resolved": "https://r.cnpmjs.org/prettier/download/prettier-1.19.1.tgz",
      "integrity": "sha1-99f1/4qc2HKnvkyhQglZVqYHl8s=",
      "dev": true
    },
    "prop-types": {
      "version": "15.7.2",
      "resolved": "https://r.cnpmjs.org/prop-types/download/prop-types-15.7.2.tgz",
      "integrity": "sha1-UsQedbjIfnK52TYOAga5ncv/psU=",
      "requires": {
        "loose-envify": "^1.4.0",
        "object-assign": "^4.1.1",
        "react-is": "^16.8.1"
      }
    },
    "pupa": {
      "version": "2.0.1",
      "resolved": "https://r.cnpmjs.org/pupa/download/pupa-2.0.1.tgz",
      "integrity": "sha1-29yf9I/76komoGm2+fersFEAhyY=",
      "dev": true,
      "requires": {
        "escape-goat": "^2.0.0"
      }
    },
    "raf-schd": {
      "version": "4.0.2",
      "resolved": "https://r.cnpmjs.org/raf-schd/download/raf-schd-4.0.2.tgz",
      "integrity": "sha1-vUTHCBiPLoTIEL9V/OqSMbyu2KA="
    },
    "react-beautiful-dnd": {
      "version": "12.2.0",
      "resolved": "https://r.cnpmjs.org/react-beautiful-dnd/download/react-beautiful-dnd-12.2.0.tgz",
      "integrity": "sha1-5fYiL555NMbtTuCQJFR/njU65CM=",
      "requires": {
        "@babel/runtime-corejs2": "^7.6.3",
        "css-box-model": "^1.2.0",
        "memoize-one": "^5.1.1",
        "raf-schd": "^4.0.2",
        "react-redux": "^7.1.1",
        "redux": "^4.0.4",
        "use-memo-one": "^1.1.1"
      }
    },
    "react-dnd": {
      "version": "10.0.2",
      "resolved": "https://r.cnpmjs.org/react-dnd/download/react-dnd-10.0.2.tgz",
      "integrity": "sha1-pq2Os9nyxXMDH3zgUBLlx2egsfw=",
      "requires": {
        "@react-dnd/shallowequal": "^2.0.0",
        "@types/hoist-non-react-statics": "^3.3.1",
        "dnd-core": "^10.0.2",
        "hoist-non-react-statics": "^3.3.0"
      }
    },
    "react-dnd-html5-backend": {
      "version": "10.0.2",
      "resolved": "https://r.cnpmjs.org/react-dnd-html5-backend/download/react-dnd-html5-backend-10.0.2.tgz",
      "integrity": "sha1-FcudK5I/Q1dqE234VOKIy1lpeEw=",
      "requires": {
        "dnd-core": "^10.0.2"
      }
    },
    "react-hook-form": {
      "version": "4.10.1",
      "resolved": "https://r.cnpmjs.org/react-hook-form/download/react-hook-form-4.10.1.tgz",
      "integrity": "sha1-q9JIiMuduVpHYP07B1DuqE1kTe4="
    },
    "react-is": {
      "version": "16.12.0",
      "resolved": "https://r.cnpmjs.org/react-is/download/react-is-16.12.0.tgz",
      "integrity": "sha1-LMD+D7p0LZf9UnxCoTvsTusGJBw="
    },
    "react-redux": {
      "version": "7.1.3",
      "resolved": "https://r.cnpmjs.org/react-redux/download/react-redux-7.1.3.tgz",
      "integrity": "sha1-cXo9e746Gy1TXJSIXOBM3Foz/Hk=",
      "requires": {
        "@babel/runtime": "^7.5.5",
        "hoist-non-react-statics": "^3.3.0",
        "invariant": "^2.2.4",
        "loose-envify": "^1.4.0",
        "prop-types": "^15.7.2",
        "react-is": "^16.9.0"
      }
    },
    "redux": {
      "version": "4.0.5",
      "resolved": "https://r.cnpmjs.org/redux/download/redux-4.0.5.tgz",
      "integrity": "sha1-TbXeWBbheJHeioDEJCMtBvBR2T8=",
      "requires": {
        "loose-envify": "^1.4.0",
        "symbol-observable": "^1.2.0"
      }
    },
    "regenerator-runtime": {
      "version": "0.13.3",
      "resolved": "https://r.cnpmjs.org/regenerator-runtime/download/regenerator-runtime-0.13.3.tgz",
      "integrity": "sha1-fPanfY9cb2Drc8X8GVWyzrAea/U="
    },
    "require-directory": {
      "version": "2.1.1",
      "resolved": "https://r.cnpmjs.org/require-directory/download/require-directory-2.1.1.tgz",
      "integrity": "sha1-jGStX9MNqxyXbiNE/+f3kqam30I=",
      "dev": true
    },
    "require-main-filename": {
      "version": "2.0.0",
      "resolved": "https://r.cnpmjs.org/require-main-filename/download/require-main-filename-2.0.0.tgz",
      "integrity": "sha1-0LMp7MfMD2Fkn2IhW+aa9UqomJs=",
      "dev": true
    },
    "resolve": {
      "version": "1.12.0",
      "resolved": "https://r.cnpmjs.org/resolve/download/resolve-1.12.0.tgz",
      "integrity": "sha1-P8ZEo1yEpIVUYJ/ybsUrZvpXffY=",
      "dev": true,
      "requires": {
        "path-parse": "^1.0.6"
      }
    },
    "rollup": {
      "version": "1.29.0",
      "resolved": "https://r.cnpmjs.org/rollup/download/rollup-1.29.0.tgz",
      "integrity": "sha1-ahp57qQ8qdPXmpDBWhzuztxyCXs=",
      "dev": true,
      "requires": {
        "@types/estree": "*",
        "@types/node": "*",
        "acorn": "^7.1.0"
      }
    },
    "rollup-plugin-typescript2": {
      "version": "0.25.3",
      "resolved": "https://r.cnpmjs.org/rollup-plugin-typescript2/download/rollup-plugin-typescript2-0.25.3.tgz",
      "integrity": "sha1-pfsvD4VIh4kzTOVAq+bHARy99A8=",
      "dev": true,
      "requires": {
        "find-cache-dir": "^3.0.0",
        "fs-extra": "8.1.0",
        "resolve": "1.12.0",
        "rollup-pluginutils": "2.8.1",
        "tslib": "1.10.0"
      }
    },
    "rollup-plugin-visualizer": {
      "version": "3.3.1",
      "resolved": "https://r.cnpmjs.org/rollup-plugin-visualizer/download/rollup-plugin-visualizer-3.3.1.tgz",
      "integrity": "sha1-+sd4mVWQmNKLGwLZAkPmg4R/aZQ=",
      "dev": true,
      "requires": {
        "mkdirp": "^0.5.1",
        "nanoid": "^2.1.6",
        "open": "^6.0.0",
        "pupa": "^2.0.0",
        "source-map": "^0.7.3",
        "yargs": "^15.0.0"
      }
    },
    "rollup-pluginutils": {
      "version": "2.8.1",
      "resolved": "https://r.cnpmjs.org/rollup-pluginutils/download/rollup-pluginutils-2.8.1.tgz",
      "integrity": "sha1-j6bdBpc0STjvJsLAnSSIzp4zzpc=",
      "dev": true,
      "requires": {
        "estree-walker": "^0.6.1"
      }
    },
    "semver": {
      "version": "6.3.0",
      "resolved": "https://r.cnpmjs.org/semver/download/semver-6.3.0.tgz",
      "integrity": "sha1-7gpkyK9ejO6mdoexM3YeG+y9HT0=",
      "dev": true
    },
    "set-blocking": {
      "version": "2.0.0",
      "resolved": "https://r.cnpmjs.org/set-blocking/download/set-blocking-2.0.0.tgz",
      "integrity": "sha1-BF+XgtARrppoA93TgrJDkrPYkPc=",
      "dev": true
    },
    "shortid": {
      "version": "2.2.15",
      "resolved": "https://r.cnpmjs.org/shortid/download/shortid-2.2.15.tgz",
      "integrity": "sha1-K5AuqpOmmxESA3PNQqHx/kQ3wSI=",
      "requires": {
        "nanoid": "^2.1.0"
      }
    },
    "source-map": {
      "version": "0.7.3",
      "resolved": "https://r.cnpmjs.org/source-map/download/source-map-0.7.3.tgz",
      "integrity": "sha1-UwL4FpAxc1ImVECS5kmB91F1A4M=",
      "dev": true
    },
    "string-width": {
      "version": "4.2.0",
      "resolved": "https://r.cnpmjs.org/string-width/download/string-width-4.2.0.tgz",
      "integrity": "sha1-lSGCxGzHssMT0VluYjmSvRY7crU=",
      "dev": true,
      "requires": {
        "emoji-regex": "^8.0.0",
        "is-fullwidth-code-point": "^3.0.0",
        "strip-ansi": "^6.0.0"
      }
    },
    "strip-ansi": {
      "version": "6.0.0",
      "resolved": "https://r.cnpmjs.org/strip-ansi/download/strip-ansi-6.0.0.tgz",
      "integrity": "sha1-CxVx3XZpzNTz4G4U7x7tJiJa5TI=",
      "dev": true,
      "requires": {
        "ansi-regex": "^5.0.0"
      }
    },
    "symbol-observable": {
      "version": "1.2.0",
      "resolved": "https://r.cnpmjs.org/symbol-observable/download/symbol-observable-1.2.0.tgz",
      "integrity": "sha1-wiaIrtTqs83C3+rLtWFmBWCgCAQ="
    },
    "tiny-invariant": {
      "version": "1.0.6",
      "resolved": "https://r.cnpmjs.org/tiny-invariant/download/tiny-invariant-1.0.6.tgz",
      "integrity": "sha1-s/mziDXjakHIQ6OwkHpaezdV3nM="
    },
    "tslib": {
      "version": "1.10.0",
      "resolved": "https://r.cnpmjs.org/tslib/download/tslib-1.10.0.tgz",
      "integrity": "sha1-w8GflZc/sKYpc/sJ2Q2WHuQ+XIo=",
      "dev": true
    },
    "typescript": {
      "version": "3.7.4",
      "resolved": "https://r.cnpmjs.org/typescript/download/typescript-3.7.4.tgz",
      "integrity": "sha1-F0Ol7F/vah+p8+RwjjPIHHOHbBk=",
      "dev": true
    },
    "universalify": {
      "version": "0.1.2",
      "resolved": "https://r.cnpmjs.org/universalify/download/universalify-0.1.2.tgz",
      "integrity": "sha1-tkb2m+OULavOzJ1mOcgNwQXvqmY=",
      "dev": true
    },
    "use-memo-one": {
      "version": "1.1.1",
      "resolved": "https://r.cnpmjs.org/use-memo-one/download/use-memo-one-1.1.1.tgz",
      "integrity": "sha1-Oebwj+J+Qip9eyNLX5BWrzE70iw="
    },
    "which-module": {
      "version": "2.0.0",
      "resolved": "https://r.cnpmjs.org/which-module/download/which-module-2.0.0.tgz",
      "integrity": "sha1-2e8H3Od7mQK4o6j6SzHD4/fm6Ho=",
      "dev": true
    },
    "wrap-ansi": {
      "version": "6.2.0",
      "resolved": "https://r.cnpmjs.org/wrap-ansi/download/wrap-ansi-6.2.0.tgz",
      "integrity": "sha1-6Tk7oHEC5skaOyIUePAlfNKFblM=",
      "dev": true,
      "requires": {
        "ansi-styles": "^4.0.0",
        "string-width": "^4.1.0",
        "strip-ansi": "^6.0.0"
      }
    },
    "y18n": {
      "version": "4.0.0",
      "resolved": "https://r.cnpmjs.org/y18n/download/y18n-4.0.0.tgz",
      "integrity": "sha1-le+U+F7MgdAHwmThkKEg8KPIVms=",
      "dev": true
    },
    "yargs": {
      "version": "15.1.0",
      "resolved": "https://r.cnpmjs.org/yargs/download/yargs-15.1.0.tgz",
      "integrity": "sha1-4RE4H1gw6GOolVC9SxNrtqXzchk=",
      "dev": true,
      "requires": {
        "cliui": "^6.0.0",
        "decamelize": "^1.2.0",
        "find-up": "^4.1.0",
        "get-caller-file": "^2.0.1",
        "require-directory": "^2.1.1",
        "require-main-filename": "^2.0.0",
        "set-blocking": "^2.0.0",
        "string-width": "^4.2.0",
        "which-module": "^2.0.0",
        "y18n": "^4.0.0",
        "yargs-parser": "^16.1.0"
      }
    },
    "yargs-parser": {
      "version": "16.1.0",
      "resolved": "https://r.cnpmjs.org/yargs-parser/download/yargs-parser-16.1.0.tgz",
      "integrity": "sha1-c3R9U64YfnuNvjM/lXFMduoA7PE=",
      "dev": true,
      "requires": {
        "camelcase": "^5.0.0",
        "decamelize": "^1.2.0"
      }
    }
  }
}
